// !$*UTF8*$!
{
	archiveVersion = 1;
	classes = {
	};
	objectVersion = 46;
	objects = {

/* Begin PBXBuildFile section */
		B62D46D81D01EA4800C30D8B /* main.m in Sources */ = {isa = PBXBuildFile; fileRef = B62D46D71D01EA4800C30D8B /* main.m */; };
		B62D46DB1D01EA4800C30D8B /* AppDelegate.m in Sources */ = {isa = PBXBuildFile; fileRef = B62D46DA1D01EA4800C30D8B /* AppDelegate.m */; };
		B62D46DE1D01EA4800C30D8B /* ViewController.m in Sources */ = {isa = PBXBuildFile; fileRef = B62D46DD1D01EA4800C30D8B /* ViewController.m */; };
		B62D46E11D01EA4800C30D8B /* Main.storyboard in Resources */ = {isa = PBXBuildFile; fileRef = B62D46DF1D01EA4800C30D8B /* Main.storyboard */; };
		B62D46E41D01EA4800C30D8B /* Bederr.xcdatamodeld in Sources */ = {isa = PBXBuildFile; fileRef = B62D46E21D01EA4800C30D8B /* Bederr.xcdatamodeld */; };
		B62D46E61D01EA4800C30D8B /* Assets.xcassets in Resources */ = {isa = PBXBuildFile; fileRef = B62D46E51D01EA4800C30D8B /* Assets.xcassets */; };
		B62D46E91D01EA4800C30D8B /* LaunchScreen.storyboard in Resources */ = {isa = PBXBuildFile; fileRef = B62D46E71D01EA4800C30D8B /* LaunchScreen.storyboard */; };
		B62D46F41D01EA4800C30D8B /* BederrTests.m in Sources */ = {isa = PBXBuildFile; fileRef = B62D46F31D01EA4800C30D8B /* BederrTests.m */; };
		B62D46FF1D01EA4800C30D8B /* BederrUITests.m in Sources */ = {isa = PBXBuildFile; fileRef = B62D46FE1D01EA4800C30D8B /* BederrUITests.m */; };
		B62D47141D02237400C30D8B /* SWRevealViewController.m in Sources */ = {isa = PBXBuildFile; fileRef = B62D47131D02237400C30D8B /* SWRevealViewController.m */; };
		B62D471D1D02237C00C30D8B /* UIColor+Hex.m in Sources */ = {isa = PBXBuildFile; fileRef = B62D47171D02237C00C30D8B /* UIColor+Hex.m */; };
		B62D47261D02288600C30D8B /* LeftMenuViewController.m in Sources */ = {isa = PBXBuildFile; fileRef = B62D47221D02288600C30D8B /* LeftMenuViewController.m */; };
		B62D47271D02288600C30D8B /* OptionLeftTableViewCell.m in Sources */ = {isa = PBXBuildFile; fileRef = B62D47241D02288600C30D8B /* OptionLeftTableViewCell.m */; };
		B62D47281D02288600C30D8B /* OptionLeftTableViewCell.xib in Resources */ = {isa = PBXBuildFile; fileRef = B62D47251D02288600C30D8B /* OptionLeftTableViewCell.xib */; };
		B62D472C1D02291100C30D8B /* HomeViewController.m in Sources */ = {isa = PBXBuildFile; fileRef = B62D472B1D02291100C30D8B /* HomeViewController.m */; };
		B6DA8C531D05E7D800EFDDD0 /* Localizable.strings in Resources */ = {isa = PBXBuildFile; fileRef = B6DA8C551D05E7D800EFDDD0 /* Localizable.strings */; };
		B6DA8C641D06233B00EFDDD0 /* AskLogo.m in Sources */ = {isa = PBXBuildFile; fileRef = B6DA8C591D06233B00EFDDD0 /* AskLogo.m */; };
		B6DA8C651D06233B00EFDDD0 /* ExplorerLogo.m in Sources */ = {isa = PBXBuildFile; fileRef = B6DA8C5B1D06233B00EFDDD0 /* ExplorerLogo.m */; };
		B6DA8C661D06233B00EFDDD0 /* MenuLogo.m in Sources */ = {isa = PBXBuildFile; fileRef = B6DA8C5D1D06233B00EFDDD0 /* MenuLogo.m */; };
		B6DA8C671D06233B00EFDDD0 /* MyBenfitLogo.m in Sources */ = {isa = PBXBuildFile; fileRef = B6DA8C5F1D06233B00EFDDD0 /* MyBenfitLogo.m */; };
		B6DA8C681D06233B00EFDDD0 /* NotificationsLogo.m in Sources */ = {isa = PBXBuildFile; fileRef = B6DA8C611D06233B00EFDDD0 /* NotificationsLogo.m */; };
		B6DA8C691D06233B00EFDDD0 /* ProfileLogo.m in Sources */ = {isa = PBXBuildFile; fileRef = B6DA8C631D06233B00EFDDD0 /* ProfileLogo.m */; };
/* End PBXBuildFile section */

/* Begin PBXContainerItemProxy section */
		B62D46F01D01EA4800C30D8B /* PBXContainerItemProxy */ = {
			isa = PBXContainerItemProxy;
			containerPortal = B62D46CB1D01EA4800C30D8B /* Project object */;
			proxyType = 1;
			remoteGlobalIDString = B62D46D21D01EA4800C30D8B;
			remoteInfo = Bederr;
		};
		B62D46FB1D01EA4800C30D8B /* PBXContainerItemProxy */ = {
			isa = PBXContainerItemProxy;
			containerPortal = B62D46CB1D01EA4800C30D8B /* Project object */;
			proxyType = 1;
			remoteGlobalIDString = B62D46D21D01EA4800C30D8B;
			remoteInfo = Bederr;
		};
/* End PBXContainerItemProxy section */

/* Begin PBXFileReference section */
		B62D46D31D01EA4800C30D8B /* Bederr.app */ = {isa = PBXFileReference; explicitFileType = wrapper.application; includeInIndex = 0; path = Bederr.app; sourceTree = BUILT_PRODUCTS_DIR; };
		B62D46D71D01EA4800C30D8B /* main.m */ = {isa = PBXFileReference; lastKnownFileType = sourcecode.c.objc; path = main.m; sourceTree = "<group>"; };
		B62D46D91D01EA4800C30D8B /* AppDelegate.h */ = {isa = PBXFileReference; lastKnownFileType = sourcecode.c.h; path = AppDelegate.h; sourceTree = "<group>"; };
		B62D46DA1D01EA4800C30D8B /* AppDelegate.m */ = {isa = PBXFileReference; lastKnownFileType = sourcecode.c.objc; path = AppDelegate.m; sourceTree = "<group>"; };
		B62D46DC1D01EA4800C30D8B /* ViewController.h */ = {isa = PBXFileReference; lastKnownFileType = sourcecode.c.h; path = ViewController.h; sourceTree = "<group>"; };
		B62D46DD1D01EA4800C30D8B /* ViewController.m */ = {isa = PBXFileReference; lastKnownFileType = sourcecode.c.objc; path = ViewController.m; sourceTree = "<group>"; };
		B62D46E01D01EA4800C30D8B /* Base */ = {isa = PBXFileReference; lastKnownFileType = file.storyboard; name = Base; path = Base.lproj/Main.storyboard; sourceTree = "<group>"; };
		B62D46E31D01EA4800C30D8B /* Bederr.xcdatamodel */ = {isa = PBXFileReference; lastKnownFileType = wrapper.xcdatamodel; path = Bederr.xcdatamodel; sourceTree = "<group>"; };
		B62D46E51D01EA4800C30D8B /* Assets.xcassets */ = {isa = PBXFileReference; lastKnownFileType = folder.assetcatalog; path = Assets.xcassets; sourceTree = "<group>"; };
		B62D46E81D01EA4800C30D8B /* Base */ = {isa = PBXFileReference; lastKnownFileType = file.storyboard; name = Base; path = Base.lproj/LaunchScreen.storyboard; sourceTree = "<group>"; };
		B62D46EA1D01EA4800C30D8B /* Info.plist */ = {isa = PBXFileReference; lastKnownFileType = text.plist.xml; path = Info.plist; sourceTree = "<group>"; };
		B62D46EF1D01EA4800C30D8B /* BederrTests.xctest */ = {isa = PBXFileReference; explicitFileType = wrapper.cfbundle; includeInIndex = 0; path = BederrTests.xctest; sourceTree = BUILT_PRODUCTS_DIR; };
		B62D46F31D01EA4800C30D8B /* BederrTests.m */ = {isa = PBXFileReference; lastKnownFileType = sourcecode.c.objc; path = BederrTests.m; sourceTree = "<group>"; };
		B62D46F51D01EA4800C30D8B /* Info.plist */ = {isa = PBXFileReference; lastKnownFileType = text.plist.xml; path = Info.plist; sourceTree = "<group>"; };
		B62D46FA1D01EA4800C30D8B /* BederrUITests.xctest */ = {isa = PBXFileReference; explicitFileType = wrapper.cfbundle; includeInIndex = 0; path = BederrUITests.xctest; sourceTree = BUILT_PRODUCTS_DIR; };
		B62D46FE1D01EA4800C30D8B /* BederrUITests.m */ = {isa = PBXFileReference; lastKnownFileType = sourcecode.c.objc; path = BederrUITests.m; sourceTree = "<group>"; };
		B62D47001D01EA4800C30D8B /* Info.plist */ = {isa = PBXFileReference; lastKnownFileType = text.plist.xml; path = Info.plist; sourceTree = "<group>"; };
		B62D47121D02237400C30D8B /* SWRevealViewController.h */ = {isa = PBXFileReference; fileEncoding = 4; lastKnownFileType = sourcecode.c.h; path = SWRevealViewController.h; sourceTree = "<group>"; };
		B62D47131D02237400C30D8B /* SWRevealViewController.m */ = {isa = PBXFileReference; fileEncoding = 4; lastKnownFileType = sourcecode.c.objc; path = SWRevealViewController.m; sourceTree = "<group>"; };
		B62D47161D02237C00C30D8B /* UIColor+Hex.h */ = {isa = PBXFileReference; fileEncoding = 4; lastKnownFileType = sourcecode.c.h; path = "UIColor+Hex.h"; sourceTree = "<group>"; };
		B62D47171D02237C00C30D8B /* UIColor+Hex.m */ = {isa = PBXFileReference; fileEncoding = 4; lastKnownFileType = sourcecode.c.objc; path = "UIColor+Hex.m"; sourceTree = "<group>"; };
		B62D47211D02288600C30D8B /* LeftMenuViewController.h */ = {isa = PBXFileReference; fileEncoding = 4; lastKnownFileType = sourcecode.c.h; path = LeftMenuViewController.h; sourceTree = "<group>"; };
		B62D47221D02288600C30D8B /* LeftMenuViewController.m */ = {isa = PBXFileReference; fileEncoding = 4; lastKnownFileType = sourcecode.c.objc; path = LeftMenuViewController.m; sourceTree = "<group>"; };
		B62D47231D02288600C30D8B /* OptionLeftTableViewCell.h */ = {isa = PBXFileReference; fileEncoding = 4; lastKnownFileType = sourcecode.c.h; path = OptionLeftTableViewCell.h; sourceTree = "<group>"; };
		B62D47241D02288600C30D8B /* OptionLeftTableViewCell.m */ = {isa = PBXFileReference; fileEncoding = 4; lastKnownFileType = sourcecode.c.objc; path = OptionLeftTableViewCell.m; sourceTree = "<group>"; };
		B62D47251D02288600C30D8B /* OptionLeftTableViewCell.xib */ = {isa = PBXFileReference; fileEncoding = 4; lastKnownFileType = file.xib; path = OptionLeftTableViewCell.xib; sourceTree = "<group>"; };
		B62D472A1D02291100C30D8B /* HomeViewController.h */ = {isa = PBXFileReference; fileEncoding = 4; lastKnownFileType = sourcecode.c.h; path = HomeViewController.h; sourceTree = "<group>"; };
		B62D472B1D02291100C30D8B /* HomeViewController.m */ = {isa = PBXFileReference; fileEncoding = 4; lastKnownFileType = sourcecode.c.objc; path = HomeViewController.m; sourceTree = "<group>"; };
		B6DA8C541D05E7D800EFDDD0 /* en */ = {isa = PBXFileReference; lastKnownFileType = text.plist.strings; name = en; path = en.lproj/Localizable.strings; sourceTree = "<group>"; };
		B6DA8C561D05E7DC00EFDDD0 /* Base */ = {isa = PBXFileReference; lastKnownFileType = text.plist.strings; name = Base; path = Base.lproj/Localizable.strings; sourceTree = "<group>"; };
		B6DA8C581D06233B00EFDDD0 /* AskLogo.h */ = {isa = PBXFileReference; fileEncoding = 4; lastKnownFileType = sourcecode.c.h; path = AskLogo.h; sourceTree = "<group>"; };
		B6DA8C591D06233B00EFDDD0 /* AskLogo.m */ = {isa = PBXFileReference; fileEncoding = 4; lastKnownFileType = sourcecode.c.objc; path = AskLogo.m; sourceTree = "<group>"; };
		B6DA8C5A1D06233B00EFDDD0 /* ExplorerLogo.h */ = {isa = PBXFileReference; fileEncoding = 4; lastKnownFileType = sourcecode.c.h; path = ExplorerLogo.h; sourceTree = "<group>"; };
		B6DA8C5B1D06233B00EFDDD0 /* ExplorerLogo.m */ = {isa = PBXFileReference; fileEncoding = 4; lastKnownFileType = sourcecode.c.objc; path = ExplorerLogo.m; sourceTree = "<group>"; };
		B6DA8C5C1D06233B00EFDDD0 /* MenuLogo.h */ = {isa = PBXFileReference; fileEncoding = 4; lastKnownFileType = sourcecode.c.h; path = MenuLogo.h; sourceTree = "<group>"; };
		B6DA8C5D1D06233B00EFDDD0 /* MenuLogo.m */ = {isa = PBXFileReference; fileEncoding = 4; lastKnownFileType = sourcecode.c.objc; path = MenuLogo.m; sourceTree = "<group>"; };
		B6DA8C5E1D06233B00EFDDD0 /* MyBenfitLogo.h */ = {isa = PBXFileReference; fileEncoding = 4; lastKnownFileType = sourcecode.c.h; path = MyBenfitLogo.h; sourceTree = "<group>"; };
		B6DA8C5F1D06233B00EFDDD0 /* MyBenfitLogo.m */ = {isa = PBXFileReference; fileEncoding = 4; lastKnownFileType = sourcecode.c.objc; path = MyBenfitLogo.m; sourceTree = "<group>"; };
		B6DA8C601D06233B00EFDDD0 /* NotificationsLogo.h */ = {isa = PBXFileReference; fileEncoding = 4; lastKnownFileType = sourcecode.c.h; path = NotificationsLogo.h; sourceTree = "<group>"; };
		B6DA8C611D06233B00EFDDD0 /* NotificationsLogo.m */ = {isa = PBXFileReference; fileEncoding = 4; lastKnownFileType = sourcecode.c.objc; path = NotificationsLogo.m; sourceTree = "<group>"; };
		B6DA8C621D06233B00EFDDD0 /* ProfileLogo.h */ = {isa = PBXFileReference; fileEncoding = 4; lastKnownFileType = sourcecode.c.h; path = ProfileLogo.h; sourceTree = "<group>"; };
		B6DA8C631D06233B00EFDDD0 /* ProfileLogo.m */ = {isa = PBXFileReference; fileEncoding = 4; lastKnownFileType = sourcecode.c.objc; path = ProfileLogo.m; sourceTree = "<group>"; };
/* End PBXFileReference section */

/* Begin PBXFrameworksBuildPhase section */
		B62D46D01D01EA4800C30D8B /* Frameworks */ = {
			isa = PBXFrameworksBuildPhase;
			buildActionMask = 2147483647;
			files = (
			);
			runOnlyForDeploymentPostprocessing = 0;
		};
		B62D46EC1D01EA4800C30D8B /* Frameworks */ = {
			isa = PBXFrameworksBuildPhase;
			buildActionMask = 2147483647;
			files = (
			);
			runOnlyForDeploymentPostprocessing = 0;
		};
		B62D46F71D01EA4800C30D8B /* Frameworks */ = {
			isa = PBXFrameworksBuildPhase;
			buildActionMask = 2147483647;
			files = (
			);
			runOnlyForDeploymentPostprocessing = 0;
		};
/* End PBXFrameworksBuildPhase section */

/* Begin PBXGroup section */
		B62D46CA1D01EA4800C30D8B = {
			isa = PBXGroup;
			children = (
				B62D46D51D01EA4800C30D8B /* Bederr */,
				B62D46F21D01EA4800C30D8B /* BederrTests */,
				B62D46FD1D01EA4800C30D8B /* BederrUITests */,
				B62D46D41D01EA4800C30D8B /* Products */,
			);
			sourceTree = "<group>";
		};
		B62D46D41D01EA4800C30D8B /* Products */ = {
			isa = PBXGroup;
			children = (
				B62D46D31D01EA4800C30D8B /* Bederr.app */,
				B62D46EF1D01EA4800C30D8B /* BederrTests.xctest */,
				B62D46FA1D01EA4800C30D8B /* BederrUITests.xctest */,
			);
			name = Products;
			sourceTree = "<group>";
		};
		B62D46D51D01EA4800C30D8B /* Bederr */ = {
			isa = PBXGroup;
			children = (
				B6DA8C501D05E74C00EFDDD0 /* Resource */,
				B62D470C1D0221CC00C30D8B /* Source */,
				B62D46D91D01EA4800C30D8B /* AppDelegate.h */,
				B62D46DA1D01EA4800C30D8B /* AppDelegate.m */,
				B62D46DC1D01EA4800C30D8B /* ViewController.h */,
				B62D46DD1D01EA4800C30D8B /* ViewController.m */,
				B62D46DF1D01EA4800C30D8B /* Main.storyboard */,
				B62D46E51D01EA4800C30D8B /* Assets.xcassets */,
				B62D46E71D01EA4800C30D8B /* LaunchScreen.storyboard */,
				B62D46EA1D01EA4800C30D8B /* Info.plist */,
				B62D46E21D01EA4800C30D8B /* Bederr.xcdatamodeld */,
				B62D46D61D01EA4800C30D8B /* Supporting Files */,
			);
			path = Bederr;
			sourceTree = "<group>";
		};
		B62D46D61D01EA4800C30D8B /* Supporting Files */ = {
			isa = PBXGroup;
			children = (
				B62D46D71D01EA4800C30D8B /* main.m */,
			);
			name = "Supporting Files";
			sourceTree = "<group>";
		};
		B62D46F21D01EA4800C30D8B /* BederrTests */ = {
			isa = PBXGroup;
			children = (
				B62D46F31D01EA4800C30D8B /* BederrTests.m */,
				B62D46F51D01EA4800C30D8B /* Info.plist */,
			);
			path = BederrTests;
			sourceTree = "<group>";
		};
		B62D46FD1D01EA4800C30D8B /* BederrUITests */ = {
			isa = PBXGroup;
			children = (
				B62D46FE1D01EA4800C30D8B /* BederrUITests.m */,
				B62D47001D01EA4800C30D8B /* Info.plist */,
			);
			path = BederrUITests;
			sourceTree = "<group>";
		};
		B62D470C1D0221CC00C30D8B /* Source */ = {
			isa = PBXGroup;
			children = (
				B62D47151D02237C00C30D8B /* Categories */,
				B62D470D1D0221CC00C30D8B /* Controllers */,
				B62D470E1D0221CC00C30D8B /* Library */,
				B62D470F1D0221CC00C30D8B /* Model */,
				B62D47101D0221CC00C30D8B /* ViewControllers */,
			);
			path = Source;
			sourceTree = "<group>";
		};
		B62D470D1D0221CC00C30D8B /* Controllers */ = {
			isa = PBXGroup;
			children = (
			);
			path = Controllers;
			sourceTree = "<group>";
		};
		B62D470E1D0221CC00C30D8B /* Library */ = {
			isa = PBXGroup;
			children = (
				B62D47111D02237400C30D8B /* SWRevealViewController */,
			);
			path = Library;
			sourceTree = "<group>";
		};
		B62D470F1D0221CC00C30D8B /* Model */ = {
			isa = PBXGroup;
			children = (
			);
			path = Model;
			sourceTree = "<group>";
		};
		B62D47101D0221CC00C30D8B /* ViewControllers */ = {
			isa = PBXGroup;
			children = (
				B62D47291D0228FA00C30D8B /* HomeViewController */,
				B62D47201D02288600C30D8B /* LeftMenuViewController */,
			);
			path = ViewControllers;
			sourceTree = "<group>";
		};
		B62D47111D02237400C30D8B /* SWRevealViewController */ = {
			isa = PBXGroup;
			children = (
				B62D47121D02237400C30D8B /* SWRevealViewController.h */,
				B62D47131D02237400C30D8B /* SWRevealViewController.m */,
			);
			path = SWRevealViewController;
			sourceTree = "<group>";
		};
		B62D47151D02237C00C30D8B /* Categories */ = {
			isa = PBXGroup;
			children = (
				B62D47161D02237C00C30D8B /* UIColor+Hex.h */,
				B62D47171D02237C00C30D8B /* UIColor+Hex.m */,
			);
			path = Categories;
			sourceTree = "<group>";
		};
		B62D47201D02288600C30D8B /* LeftMenuViewController */ = {
			isa = PBXGroup;
			children = (
				B6DA8C571D06233B00EFDDD0 /* MenuIcons */,
				B62D47211D02288600C30D8B /* LeftMenuViewController.h */,
				B62D47221D02288600C30D8B /* LeftMenuViewController.m */,
				B62D47231D02288600C30D8B /* OptionLeftTableViewCell.h */,
				B62D47241D02288600C30D8B /* OptionLeftTableViewCell.m */,
				B62D47251D02288600C30D8B /* OptionLeftTableViewCell.xib */,
			);
			path = LeftMenuViewController;
			sourceTree = "<group>";
		};
		B62D47291D0228FA00C30D8B /* HomeViewController */ = {
			isa = PBXGroup;
			children = (
				B62D472A1D02291100C30D8B /* HomeViewController.h */,
				B62D472B1D02291100C30D8B /* HomeViewController.m */,
			);
			path = HomeViewController;
			sourceTree = "<group>";
		};
		B6DA8C501D05E74C00EFDDD0 /* Resource */ = {
			isa = PBXGroup;
			children = (
				B6DA8C551D05E7D800EFDDD0 /* Localizable.strings */,
			);
			path = Resource;
			sourceTree = "<group>";
		};
		B6DA8C571D06233B00EFDDD0 /* MenuIcons */ = {
			isa = PBXGroup;
			children = (
				B6DA8C581D06233B00EFDDD0 /* AskLogo.h */,
				B6DA8C591D06233B00EFDDD0 /* AskLogo.m */,
				B6DA8C5A1D06233B00EFDDD0 /* ExplorerLogo.h */,
				B6DA8C5B1D06233B00EFDDD0 /* ExplorerLogo.m */,
				B6DA8C5C1D06233B00EFDDD0 /* MenuLogo.h */,
				B6DA8C5D1D06233B00EFDDD0 /* MenuLogo.m */,
				B6DA8C5E1D06233B00EFDDD0 /* MyBenfitLogo.h */,
				B6DA8C5F1D06233B00EFDDD0 /* MyBenfitLogo.m */,
				B6DA8C601D06233B00EFDDD0 /* NotificationsLogo.h */,
				B6DA8C611D06233B00EFDDD0 /* NotificationsLogo.m */,
				B6DA8C621D06233B00EFDDD0 /* ProfileLogo.h */,
				B6DA8C631D06233B00EFDDD0 /* ProfileLogo.m */,
			);
			path = MenuIcons;
			sourceTree = "<group>";
		};
/* End PBXGroup section */

/* Begin PBXNativeTarget section */
		B62D46D21D01EA4800C30D8B /* Bederr */ = {
			isa = PBXNativeTarget;
			buildConfigurationList = B62D47031D01EA4800C30D8B /* Build configuration list for PBXNativeTarget "Bederr" */;
			buildPhases = (
				B62D46CF1D01EA4800C30D8B /* Sources */,
				B62D46D01D01EA4800C30D8B /* Frameworks */,
				B62D46D11D01EA4800C30D8B /* Resources */,
			);
			buildRules = (
			);
			dependencies = (
			);
			name = Bederr;
			productName = Bederr;
			productReference = B62D46D31D01EA4800C30D8B /* Bederr.app */;
			productType = "com.apple.product-type.application";
		};
		B62D46EE1D01EA4800C30D8B /* BederrTests */ = {
			isa = PBXNativeTarget;
			buildConfigurationList = B62D47061D01EA4800C30D8B /* Build configuration list for PBXNativeTarget "BederrTests" */;
			buildPhases = (
				B62D46EB1D01EA4800C30D8B /* Sources */,
				B62D46EC1D01EA4800C30D8B /* Frameworks */,
				B62D46ED1D01EA4800C30D8B /* Resources */,
			);
			buildRules = (
			);
			dependencies = (
				B62D46F11D01EA4800C30D8B /* PBXTargetDependency */,
			);
			name = BederrTests;
			productName = BederrTests;
			productReference = B62D46EF1D01EA4800C30D8B /* BederrTests.xctest */;
			productType = "com.apple.product-type.bundle.unit-test";
		};
		B62D46F91D01EA4800C30D8B /* BederrUITests */ = {
			isa = PBXNativeTarget;
			buildConfigurationList = B62D47091D01EA4800C30D8B /* Build configuration list for PBXNativeTarget "BederrUITests" */;
			buildPhases = (
				B62D46F61D01EA4800C30D8B /* Sources */,
				B62D46F71D01EA4800C30D8B /* Frameworks */,
				B62D46F81D01EA4800C30D8B /* Resources */,
			);
			buildRules = (
			);
			dependencies = (
				B62D46FC1D01EA4800C30D8B /* PBXTargetDependency */,
			);
			name = BederrUITests;
			productName = BederrUITests;
			productReference = B62D46FA1D01EA4800C30D8B /* BederrUITests.xctest */;
			productType = "com.apple.product-type.bundle.ui-testing";
		};
/* End PBXNativeTarget section */

/* Begin PBXProject section */
		B62D46CB1D01EA4800C30D8B /* Project object */ = {
			isa = PBXProject;
			attributes = {
				LastUpgradeCheck = 0730;
				ORGANIZATIONNAME = "Bederr S.A.C.";
				TargetAttributes = {
					B62D46D21D01EA4800C30D8B = {
						CreatedOnToolsVersion = 7.3;
						DevelopmentTeam = 3LBQX5KXG6;
					};
					B62D46EE1D01EA4800C30D8B = {
						CreatedOnToolsVersion = 7.3;
						TestTargetID = B62D46D21D01EA4800C30D8B;
					};
					B62D46F91D01EA4800C30D8B = {
						CreatedOnToolsVersion = 7.3;
						TestTargetID = B62D46D21D01EA4800C30D8B;
					};
				};
			};
			buildConfigurationList = B62D46CE1D01EA4800C30D8B /* Build configuration list for PBXProject "Bederr" */;
			compatibilityVersion = "Xcode 3.2";
			developmentRegion = English;
			hasScannedForEncodings = 0;
			knownRegions = (
				en,
				Base,
			);
			mainGroup = B62D46CA1D01EA4800C30D8B;
			productRefGroup = B62D46D41D01EA4800C30D8B /* Products */;
			projectDirPath = "";
			projectRoot = "";
			targets = (
				B62D46D21D01EA4800C30D8B /* Bederr */,
				B62D46EE1D01EA4800C30D8B /* BederrTests */,
				B62D46F91D01EA4800C30D8B /* BederrUITests */,
			);
		};
/* End PBXProject section */

/* Begin PBXResourcesBuildPhase section */
		B62D46D11D01EA4800C30D8B /* Resources */ = {
			isa = PBXResourcesBuildPhase;
			buildActionMask = 2147483647;
			files = (
				B6DA8C531D05E7D800EFDDD0 /* Localizable.strings in Resources */,
				B62D46E91D01EA4800C30D8B /* LaunchScreen.storyboard in Resources */,
				B62D46E61D01EA4800C30D8B /* Assets.xcassets in Resources */,
				B62D46E11D01EA4800C30D8B /* Main.storyboard in Resources */,
				B62D47281D02288600C30D8B /* OptionLeftTableViewCell.xib in Resources */,
			);
			runOnlyForDeploymentPostprocessing = 0;
		};
		B62D46ED1D01EA4800C30D8B /* Resources */ = {
			isa = PBXResourcesBuildPhase;
			buildActionMask = 2147483647;
			files = (
			);
			runOnlyForDeploymentPostprocessing = 0;
		};
		B62D46F81D01EA4800C30D8B /* Resources */ = {
			isa = PBXResourcesBuildPhase;
			buildActionMask = 2147483647;
			files = (
			);
			runOnlyForDeploymentPostprocessing = 0;
		};
/* End PBXResourcesBuildPhase section */

/* Begin PBXSourcesBuildPhase section */
		B62D46CF1D01EA4800C30D8B /* Sources */ = {
			isa = PBXSourcesBuildPhase;
			buildActionMask = 2147483647;
			files = (
				B62D46DE1D01EA4800C30D8B /* ViewController.m in Sources */,
				B6DA8C681D06233B00EFDDD0 /* NotificationsLogo.m in Sources */,
				B62D471D1D02237C00C30D8B /* UIColor+Hex.m in Sources */,
				B62D46DB1D01EA4800C30D8B /* AppDelegate.m in Sources */,
				B62D47271D02288600C30D8B /* OptionLeftTableViewCell.m in Sources */,
				B6DA8C651D06233B00EFDDD0 /* ExplorerLogo.m in Sources */,
				B62D47141D02237400C30D8B /* SWRevealViewController.m in Sources */,
				B62D472C1D02291100C30D8B /* HomeViewController.m in Sources */,
				B6DA8C641D06233B00EFDDD0 /* AskLogo.m in Sources */,
				B62D47261D02288600C30D8B /* LeftMenuViewController.m in Sources */,
				B6DA8C691D06233B00EFDDD0 /* ProfileLogo.m in Sources */,
				B62D46D81D01EA4800C30D8B /* main.m in Sources */,
				B62D46E41D01EA4800C30D8B /* Bederr.xcdatamodeld in Sources */,
				B6DA8C671D06233B00EFDDD0 /* MyBenfitLogo.m in Sources */,
				B6DA8C661D06233B00EFDDD0 /* MenuLogo.m in Sources */,
			);
			runOnlyForDeploymentPostprocessing = 0;
		};
		B62D46EB1D01EA4800C30D8B /* Sources */ = {
			isa = PBXSourcesBuildPhase;
			buildActionMask = 2147483647;
			files = (
				B62D46F41D01EA4800C30D8B /* BederrTests.m in Sources */,
			);
			runOnlyForDeploymentPostprocessing = 0;
		};
		B62D46F61D01EA4800C30D8B /* Sources */ = {
			isa = PBXSourcesBuildPhase;
			buildActionMask = 2147483647;
			files = (
				B62D46FF1D01EA4800C30D8B /* BederrUITests.m in Sources */,
			);
			runOnlyForDeploymentPostprocessing = 0;
		};
/* End PBXSourcesBuildPhase section */

/* Begin PBXTargetDependency section */
		B62D46F11D01EA4800C30D8B /* PBXTargetDependency */ = {
			isa = PBXTargetDependency;
			target = B62D46D21D01EA4800C30D8B /* Bederr */;
			targetProxy = B62D46F01D01EA4800C30D8B /* PBXContainerItemProxy */;
		};
		B62D46FC1D01EA4800C30D8B /* PBXTargetDependency */ = {
			isa = PBXTargetDependency;
			target = B62D46D21D01EA4800C30D8B /* Bederr */;
			targetProxy = B62D46FB1D01EA4800C30D8B /* PBXContainerItemProxy */;
		};
/* End PBXTargetDependency section */

/* Begin PBXVariantGroup section */
		B62D46DF1D01EA4800C30D8B /* Main.storyboard */ = {
			isa = PBXVariantGroup;
			children = (
				B62D46E01D01EA4800C30D8B /* Base */,
			);
			name = Main.storyboard;
			sourceTree = "<group>";
		};
		B62D46E71D01EA4800C30D8B /* LaunchScreen.storyboard */ = {
			isa = PBXVariantGroup;
			children = (
				B62D46E81D01EA4800C30D8B /* Base */,
			);
			name = LaunchScreen.storyboard;
			sourceTree = "<group>";
		};
		B6DA8C551D05E7D800EFDDD0 /* Localizable.strings */ = {
			isa = PBXVariantGroup;
			children = (
				B6DA8C541D05E7D800EFDDD0 /* en */,
				B6DA8C561D05E7DC00EFDDD0 /* Base */,
			);
			name = Localizable.strings;
			sourceTree = "<group>";
		};
/* End PBXVariantGroup section */

/* Begin XCBuildConfiguration section */
		B62D47011D01EA4800C30D8B /* Debug */ = {
			isa = XCBuildConfiguration;
			buildSettings = {
				ALWAYS_SEARCH_USER_PATHS = NO;
				CLANG_ANALYZER_NONNULL = YES;
				CLANG_CXX_LANGUAGE_STANDARD = "gnu++0x";
				CLANG_CXX_LIBRARY = "libc++";
				CLANG_ENABLE_MODULES = YES;
				CLANG_ENABLE_OBJC_ARC = YES;
				CLANG_WARN_BOOL_CONVERSION = YES;
				CLANG_WARN_CONSTANT_CONVERSION = YES;
				CLANG_WARN_DIRECT_OBJC_ISA_USAGE = YES_ERROR;
				CLANG_WARN_EMPTY_BODY = YES;
				CLANG_WARN_ENUM_CONVERSION = YES;
				CLANG_WARN_INT_CONVERSION = YES;
				CLANG_WARN_OBJC_ROOT_CLASS = YES_ERROR;
				CLANG_WARN_UNREACHABLE_CODE = YES;
				CLANG_WARN__DUPLICATE_METHOD_MATCH = YES;
				"CODE_SIGN_IDENTITY[sdk=iphoneos*]" = "iPhone Developer";
				COPY_PHASE_STRIP = NO;
				DEBUG_INFORMATION_FORMAT = dwarf;
				ENABLE_STRICT_OBJC_MSGSEND = YES;
				ENABLE_TESTABILITY = YES;
				GCC_C_LANGUAGE_STANDARD = gnu99;
				GCC_DYNAMIC_NO_PIC = NO;
				GCC_NO_COMMON_BLOCKS = YES;
				GCC_OPTIMIZATION_LEVEL = 0;
				GCC_PREPROCESSOR_DEFINITIONS = (
					"DEBUG=1",
					"$(inherited)",
				);
				GCC_WARN_64_TO_32_BIT_CONVERSION = YES;
				GCC_WARN_ABOUT_RETURN_TYPE = YES_ERROR;
				GCC_WARN_UNDECLARED_SELECTOR = YES;
				GCC_WARN_UNINITIALIZED_AUTOS = YES_AGGRESSIVE;
				GCC_WARN_UNUSED_FUNCTION = YES;
				GCC_WARN_UNUSED_VARIABLE = YES;
				IPHONEOS_DEPLOYMENT_TARGET = 7.1;
				MTL_ENABLE_DEBUG_INFO = YES;
				ONLY_ACTIVE_ARCH = YES;
				SDKROOT = iphoneos;
			};
			name = Debug;
		};
		B62D47021D01EA4800C30D8B /* Release */ = {
			isa = XCBuildConfiguration;
			buildSettings = {
				ALWAYS_SEARCH_USER_PATHS = NO;
				CLANG_ANALYZER_NONNULL = YES;
				CLANG_CXX_LANGUAGE_STANDARD = "gnu++0x";
				CLANG_CXX_LIBRARY = "libc++";
				CLANG_ENABLE_MODULES = YES;
				CLANG_ENABLE_OBJC_ARC = YES;
				CLANG_WARN_BOOL_CONVERSION = YES;
				CLANG_WARN_CONSTANT_CONVERSION = YES;
				CLANG_WARN_DIRECT_OBJC_ISA_USAGE = YES_ERROR;
				CLANG_WARN_EMPTY_BODY = YES;
				CLANG_WARN_ENUM_CONVERSION = YES;
				CLANG_WARN_INT_CONVERSION = YES;
				CLANG_WARN_OBJC_ROOT_CLASS = YES_ERROR;
				CLANG_WARN_UNREACHABLE_CODE = YES;
				CLANG_WARN__DUPLICATE_METHOD_MATCH = YES;
				"CODE_SIGN_IDENTITY[sdk=iphoneos*]" = "iPhone Developer";
				COPY_PHASE_STRIP = NO;
				DEBUG_INFORMATION_FORMAT = "dwarf-with-dsym";
				ENABLE_NS_ASSERTIONS = NO;
				ENABLE_STRICT_OBJC_MSGSEND = YES;
				GCC_C_LANGUAGE_STANDARD = gnu99;
				GCC_NO_COMMON_BLOCKS = YES;
				GCC_WARN_64_TO_32_BIT_CONVERSION = YES;
				GCC_WARN_ABOUT_RETURN_TYPE = YES_ERROR;
				GCC_WARN_UNDECLARED_SELECTOR = YES;
				GCC_WARN_UNINITIALIZED_AUTOS = YES_AGGRESSIVE;
				GCC_WARN_UNUSED_FUNCTION = YES;
				GCC_WARN_UNUSED_VARIABLE = YES;
				IPHONEOS_DEPLOYMENT_TARGET = 7.1;
				MTL_ENABLE_DEBUG_INFO = NO;
				SDKROOT = iphoneos;
				VALIDATE_PRODUCT = YES;
			};
			name = Release;
		};
		B62D47041D01EA4800C30D8B /* Debug */ = {
			isa = XCBuildConfiguration;
			buildSettings = {
				ASSETCATALOG_COMPILER_APPICON_NAME = AppIcon;
				ASSETCATALOG_COMPILER_LAUNCHIMAGE_NAME = "Brand Assets";
				CODE_SIGN_IDENTITY = "iPhone Developer";
				INFOPLIST_FILE = Bederr/Info.plist;
				IPHONEOS_DEPLOYMENT_TARGET = 7.1;
				LD_RUNPATH_SEARCH_PATHS = "$(inherited) @executable_path/Frameworks";
				PRODUCT_BUNDLE_IDENTIFIER = com.bederr.mundobeneficios;
				PRODUCT_NAME = "$(TARGET_NAME)";
				TARGETED_DEVICE_FAMILY = "1,2";
			};
			name = Debug;
		};
		B62D47051D01EA4800C30D8B /* Release */ = {
			isa = XCBuildConfiguration;
			buildSettings = {
				ASSETCATALOG_COMPILER_APPICON_NAME = AppIcon;
				ASSETCATALOG_COMPILER_LAUNCHIMAGE_NAME = "Brand Assets";
				CODE_SIGN_IDENTITY = "iPhone Developer";
				INFOPLIST_FILE = Bederr/Info.plist;
				IPHONEOS_DEPLOYMENT_TARGET = 7.1;
				LD_RUNPATH_SEARCH_PATHS = "$(inherited) @executable_path/Frameworks";
				PRODUCT_BUNDLE_IDENTIFIER = com.bederr.mundobeneficios;
				PRODUCT_NAME = "$(TARGET_NAME)";
				TARGETED_DEVICE_FAMILY = "1,2";
			};
			name = Release;
		};
		B62D47071D01EA4800C30D8B /* Debug */ = {
			isa = XCBuildConfiguration;
			buildSettings = {
				BUNDLE_LOADER = "$(TEST_HOST)";
				INFOPLIST_FILE = BederrTests/Info.plist;
				LD_RUNPATH_SEARCH_PATHS = "$(inherited) @executable_path/Frameworks @loader_path/Frameworks";
				PRODUCT_BUNDLE_IDENTIFIER = com.bederr.BederrTests;
				PRODUCT_NAME = "$(TARGET_NAME)";
				TEST_HOST = "$(BUILT_PRODUCTS_DIR)/Bederr.app/Bederr";
			};
			name = Debug;
		};
		B62D47081D01EA4800C30D8B /* Release */ = {
			isa = XCBuildConfiguration;
			buildSettings = {
				BUNDLE_LOADER = "$(TEST_HOST)";
				INFOPLIST_FILE = BederrTests/Info.plist;
				LD_RUNPATH_SEARCH_PATHS = "$(inherited) @executable_path/Frameworks @loader_path/Frameworks";
				PRODUCT_BUNDLE_IDENTIFIER = com.bederr.BederrTests;
				PRODUCT_NAME = "$(TARGET_NAME)";
				TEST_HOST = "$(BUILT_PRODUCTS_DIR)/Bederr.app/Bederr";
			};
			name = Release;
		};
		B62D470A1D01EA4800C30D8B /* Debug */ = {
			isa = XCBuildConfiguration;
			buildSettings = {
				INFOPLIST_FILE = BederrUITests/Info.plist;
				LD_RUNPATH_SEARCH_PATHS = "$(inherited) @executable_path/Frameworks @loader_path/Frameworks";
				PRODUCT_BUNDLE_IDENTIFIER = com.bederr.BederrUITests;
				PRODUCT_NAME = "$(TARGET_NAME)";
				TEST_TARGET_NAME = Bederr;
			};
			name = Debug;
		};
		B62D470B1D01EA4800C30D8B /* Release */ = {
			isa = XCBuildConfiguration;
			buildSettings = {
				INFOPLIST_FILE = BederrUITests/Info.plist;
				LD_RUNPATH_SEARCH_PATHS = "$(inherited) @executable_path/Frameworks @loader_path/Frameworks";
				PRODUCT_BUNDLE_IDENTIFIER = com.bederr.BederrUITests;
				PRODUCT_NAME = "$(TARGET_NAME)";
				TEST_TARGET_NAME = Bederr;
			};
			name = Release;
		};
/* End XCBuildConfiguration section */

/* Begin XCConfigurationList section */
		B62D46CE1D01EA4800C30D8B /* Build configuration list for PBXProject "Bederr" */ = {
			isa = XCConfigurationList;
			buildConfigurations = (
				B62D47011D01EA4800C30D8B /* Debug */,
				B62D47021D01EA4800C30D8B /* Release */,
			);
			defaultConfigurationIsVisible = 0;
			defaultConfigurationName = Release;
		};
		B62D47031D01EA4800C30D8B /* Build configuration list for PBXNativeTarget "Bederr" */ = {
			isa = XCConfigurationList;
			buildConfigurations = (
				B62D47041D01EA4800C30D8B /* Debug */,
				B62D47051D01EA4800C30D8B /* Release */,
			);
			defaultConfigurationIsVisible = 0;
			defaultConfigurationName = Release;
		};
		B62D47061D01EA4800C30D8B /* Build configuration list for PBXNativeTarget "BederrTests" */ = {
			isa = XCConfigurationList;
			buildConfigurations = (
				B62D47071D01EA4800C30D8B /* Debug */,
				B62D47081D01EA4800C30D8B /* Release */,
			);
			defaultConfigurationIsVisible = 0;
			defaultConfigurationName = Release;
		};
		B62D47091D01EA4800C30D8B /* Build configuration list for PBXNativeTarget "BederrUITests" */ = {
			isa = XCConfigurationList;
			buildConfigurations = (
				B62D470A1D01EA4800C30D8B /* Debug */,
				B62D470B1D01EA4800C30D8B /* Release */,
			);
			defaultConfigurationIsVisible = 0;
			defaultConfigurationName = Release;
		};
/* End XCConfigurationList section */

/* Begin XCVersionGroup section */
		B62D46E21D01EA4800C30D8B /* Bederr.xcdatamodeld */ = {
			isa = XCVersionGroup;
			children = (
				B62D46E31D01EA4800C30D8B /* Bederr.xcdatamodel */,
			);
			currentVersion = B62D46E31D01EA4800C30D8B /* Bederr.xcdatamodel */;
			path = Bederr.xcdatamodeld;
			sourceTree = "<group>";
			versionGroupType = wrapper.xcdatamodel;
		};
/* End XCVersionGroup section */
	};
	rootObject = B62D46CB1D01EA4800C30D8B /* Project object */;
}
